name: Actualiser package-lock

on:
  push:
    branches:
      - bilingue-corrig
    paths:
      - package.json
      - .github/workflows/update-lock.yml

permissions:
  contents: write

jobs:
  update-lock:
    runs-on: ubuntu-latest
    timeout-minutes: 10
    steps:
      - uses: actions/checkout@v4

      - uses: actions/setup-node@v4
        with:
          node-version: "20"

      - name: Actualiser les dépendances
        run: npm install --package-lock-only --ignore-scripts --no-audit --no-fund

      - name: Enregistrer package-lock
        run: |
          if git diff --quiet -- package-lock.json; then
            exit 0
          fi
          git config user.name "github-actions[bot]"
          git config user.email "41898282+github-actions[bot]@users.noreply.github.com"
          git add package-lock.json
          git commit -m "Actualiser package-lock"
          git push
